
Microsoft Visual Studio Solution File, Format Version 12.00
# Visual Studio Version 16
VisualStudioVersion = 16.0.30011.22
MinimumVisualStudioVersion = 10.0.40219.1
Project("{FAE04EC0-301F-11D3-BF4B-00C04F79EFBC}") = "FingerprintRecognition", "FingerprintRecognition\FingerprintRecognition.csproj", "{0D16BC9E-7733-43CF-8E51-FD65E584D11B}"
EndProject
Global
	GlobalSection(SolutionConfigurationPlatforms) = preSolution
		Debug|Any CPU = Debug|Any CPU
		Release|Any CPU = Release|Any CPU
	EndGlobalSection
	GlobalSection(ProjectConfigurationPlatforms) = postSolution
		{0D16BC9E-7733-43CF-8E51-FD65E584D11B}.Debug|Any CPU.ActiveCfg = Debug|Any CPU
		{0D16BC9E-7733-43CF-8E51-FD65E584D11B}.Debug|Any CPU.Build.0 = Debug|Any CPU
		{0D16BC9E-7733-43CF-8E51-FD65E584D11B}.Release|Any CPU.ActiveCfg = Release|Any CPU
		{0D16BC9E-7733-43CF-8E51-FD65E584D11B}.Release|Any CPU.Build.0 = Release|Any CPU
	EndGlobalSection
	GlobalSection(SolutionProperties) = preSolution
		HideSolutionNode = FALSE
	EndGlobalSection
	GlobalSection(ExtensibilityGlobals) = postSolution
		SolutionGuid = {B4685351-976E-4123-B0AC-5B11BE7E1D29}
	EndGlobalSection
EndGlobal
